
Microsoft Visual Studio Solution File, Format Version 12.00
# Visual Studio Version 17
VisualStudioVersion = 17.11.35327.3
MinimumVisualStudioVersion = 10.0.40219.1
Project("{9A19103F-16F7-4668-BE54-9A1E7A4F7556}") = "OnlineSupermarket", "OnlineSupermarket\OnlineSupermarket.csproj", "{B1E04469-F5C2-4349-B17F-FB52DA872296}"
EndProject
Global
	GlobalSection(SolutionConfigurationPlatforms) = preSolution
		Debug|Any CPU = Debug|Any CPU
		Release|Any CPU = Release|Any CPU
	EndGlobalSection
	GlobalSection(ProjectConfigurationPlatforms) = postSolution
		{B1E04469-F5C2-4349-B17F-FB52DA872296}.Debug|Any CPU.ActiveCfg = Debug|Any CPU
		{B1E04469-F5C2-4349-B17F-FB52DA872296}.Debug|Any CPU.Build.0 = Debug|Any CPU
		{B1E04469-F5C2-4349-B17F-FB52DA872296}.Release|Any CPU.ActiveCfg = Release|Any CPU
		{B1E04469-F5C2-4349-B17F-FB52DA872296}.Release|Any CPU.Build.0 = Release|Any CPU
	EndGlobalSection
	GlobalSection(SolutionProperties) = preSolution
		HideSolutionNode = FALSE
	EndGlobalSection
	GlobalSection(ExtensibilityGlobals) = postSolution
		SolutionGuid = {EE8FA115-ADBB-45C9-A3D2-9D3538189FEF}
	EndGlobalSection
EndGlobal
